// !$*UTF8*$!
{
	archiveVersion = 1;
	classes = {
	};
	objectVersion = 50;
	objects = {

/* Begin PBXBuildFile section */
		A86DE774269F2869000EB8B1 /* AppDelegate.swift in Sources */ = {isa = PBXBuildFile; fileRef = A86DE773269F2869000EB8B1 /* AppDelegate.swift */; };
		A86DE776269F2869000EB8B1 /* SceneDelegate.swift in Sources */ = {isa = PBXBuildFile; fileRef = A86DE775269F2869000EB8B1 /* SceneDelegate.swift */; };
		A86DE778269F2869000EB8B1 /* ViewController.swift in Sources */ = {isa = PBXBuildFile; fileRef = A86DE777269F2869000EB8B1 /* ViewController.swift */; };
		A86DE77B269F2869000EB8B1 /* Main.storyboard in Resources */ = {isa = PBXBuildFile; fileRef = A86DE779269F2869000EB8B1 /* Main.storyboard */; };
		A86DE77E269F2869000EB8B1 /* IntroToStoryboard.xcdatamodeld in Sources */ = {isa = PBXBuildFile; fileRef = A86DE77C269F2869000EB8B1 /* IntroToStoryboard.xcdatamodeld */; };
		A86DE780269F286A000EB8B1 /* Assets.xcassets in Resources */ = {isa = PBXBuildFile; fileRef = A86DE77F269F286A000EB8B1 /* Assets.xcassets */; };
		A86DE783269F286A000EB8B1 /* LaunchScreen.storyboard in Resources */ = {isa = PBXBuildFile; fileRef = A86DE781269F286A000EB8B1 /* LaunchScreen.storyboard */; };
		A86DE78E269F286A000EB8B1 /* IntroToStoryboardTests.swift in Sources */ = {isa = PBXBuildFile; fileRef = A86DE78D269F286A000EB8B1 /* IntroToStoryboardTests.swift */; };
		A86DE799269F286A000EB8B1 /* IntroToStoryboardUITests.swift in Sources */ = {isa = PBXBuildFile; fileRef = A86DE798269F286A000EB8B1 /* IntroToStoryboardUITests.swift */; };
/* End PBXBuildFile section */

/* Begin PBXContainerItemProxy section */
		A86DE78A269F286A000EB8B1 /* PBXContainerItemProxy */ = {
			isa = PBXContainerItemProxy;
			containerPortal = A86DE768269F2869000EB8B1 /* Project object */;
			proxyType = 1;
			remoteGlobalIDString = A86DE76F269F2869000EB8B1;
			remoteInfo = IntroToStoryboard;
		};
		A86DE795269F286A000EB8B1 /* PBXContainerItemProxy */ = {
			isa = PBXContainerItemProxy;
			containerPortal = A86DE768269F2869000EB8B1 /* Project object */;
			proxyType = 1;
			remoteGlobalIDString = A86DE76F269F2869000EB8B1;
			remoteInfo = IntroToStoryboard;
		};
/* End PBXContainerItemProxy section */

/* Begin PBXFileReference section */
		A86DE770269F2869000EB8B1 /* IntroToStoryboard.app */ = {isa = PBXFileReference; explicitFileType = wrapper.application; includeInIndex = 0; path = IntroToStoryboard.app; sourceTree = BUILT_PRODUCTS_DIR; };
		A86DE773269F2869000EB8B1 /* AppDelegate.swift */ = {isa = PBXFileReference; lastKnownFileType = sourcecode.swift; path = AppDelegate.swift; sourceTree = "<group>"; };
		A86DE775269F2869000EB8B1 /* SceneDelegate.swift */ = {isa = PBXFileReference; lastKnownFileType = sourcecode.swift; path = SceneDelegate.swift; sourceTree = "<group>"; };
		A86DE777269F2869000EB8B1 /* ViewController.swift */ = {isa = PBXFileReference; lastKnownFileType = sourcecode.swift; path = ViewController.swift; sourceTree = "<group>"; };
		A86DE77A269F2869000EB8B1 /* Base */ = {isa = PBXFileReference; lastKnownFileType = file.storyboard; name = Base; path = Base.lproj/Main.storyboard; sourceTree = "<group>"; };
		A86DE77D269F2869000EB8B1 /* IntroToStoryboard.xcdatamodel */ = {isa = PBXFileReference; lastKnownFileType = wrapper.xcdatamodel; path = IntroToStoryboard.xcdatamodel; sourceTree = "<group>"; };
		A86DE77F269F286A000EB8B1 /* Assets.xcassets */ = {isa = PBXFileReference; lastKnownFileType = folder.assetcatalog; path = Assets.xcassets; sourceTree = "<group>"; };
		A86DE782269F286A000EB8B1 /* Base */ = {isa = PBXFileReference; lastKnownFileType = file.storyboard; name = Base; path = Base.lproj/LaunchScreen.storyboard; sourceTree = "<group>"; };
		A86DE784269F286A000EB8B1 /* Info.plist */ = {isa = PBXFileReference; lastKnownFileType = text.plist.xml; path = Info.plist; sourceTree = "<group>"; };
		A86DE789269F286A000EB8B1 /* IntroToStoryboardTests.xctest */ = {isa = PBXFileReference; explicitFileType = wrapper.cfbundle; includeInIndex = 0; path = IntroToStoryboardTests.xctest; sourceTree = BUILT_PRODUCTS_DIR; };
		A86DE78D269F286A000EB8B1 /* IntroToStoryboardTests.swift */ = {isa = PBXFileReference; lastKnownFileType = sourcecode.swift; path = IntroToStoryboardTests.swift; sourceTree = "<group>"; };
		A86DE78F269F286A000EB8B1 /* Info.plist */ = {isa = PBXFileReference; lastKnownFileType = text.plist.xml; path = Info.plist; sourceTree = "<group>"; };
		A86DE794269F286A000EB8B1 /* IntroToStoryboardUITests.xctest */ = {isa = PBXFileReference; explicitFileType = wrapper.cfbundle; includeInIndex = 0; path = IntroToStoryboardUITests.xctest; sourceTree = BUILT_PRODUCTS_DIR; };
		A86DE798269F286A000EB8B1 /* IntroToStoryboardUITests.swift */ = {isa = PBXFileReference; lastKnownFileType = sourcecode.swift; path = IntroToStoryboardUITests.swift; sourceTree = "<group>"; };
		A86DE79A269F286A000EB8B1 /* Info.plist */ = {isa = PBXFileReference; lastKnownFileType = text.plist.xml; path = Info.plist; sourceTree = "<group>"; };
/* End PBXFileReference section */

/* Begin PBXFrameworksBuildPhase section */
		A86DE76D269F2869000EB8B1 /* Frameworks */ = {
			isa = PBXFrameworksBuildPhase;
			buildActionMask = 2147483647;
			files = (
			);
			runOnlyForDeploymentPostprocessing = 0;
		};
		A86DE786269F286A000EB8B1 /* Frameworks */ = {
			isa = PBXFrameworksBuildPhase;
			buildActionMask = 2147483647;
			files = (
			);
			runOnlyForDeploymentPostprocessing = 0;
		};
		A86DE791269F286A000EB8B1 /* Frameworks */ = {
			isa = PBXFrameworksBuildPhase;
			buildActionMask = 2147483647;
			files = (
			);
			runOnlyForDeploymentPostprocessing = 0;
		};
/* End PBXFrameworksBuildPhase section */

/* Begin PBXGroup section */
		A86DE767269F2869000EB8B1 = {
			isa = PBXGroup;
			children = (
				A86DE772269F2869000EB8B1 /* IntroToStoryboard */,
				A86DE78C269F286A000EB8B1 /* IntroToStoryboardTests */,
				A86DE797269F286A000EB8B1 /* IntroToStoryboardUITests */,
				A86DE771269F2869000EB8B1 /* Products */,
			);
			sourceTree = "<group>";
		};
		A86DE771269F2869000EB8B1 /* Products */ = {
			isa = PBXGroup;
			children = (
				A86DE770269F2869000EB8B1 /* IntroToStoryboard.app */,
				A86DE789269F286A000EB8B1 /* IntroToStoryboardTests.xctest */,
				A86DE794269F286A000EB8B1 /* IntroToStoryboardUITests.xctest */,
			);
			name = Products;
			sourceTree = "<group>";
		};
		A86DE772269F2869000EB8B1 /* IntroToStoryboard */ = {
			isa = PBXGroup;
			children = (
				A86DE773269F2869000EB8B1 /* AppDelegate.swift */,
				A86DE775269F2869000EB8B1 /* SceneDelegate.swift */,
				A86DE777269F2869000EB8B1 /* ViewController.swift */,
				A86DE779269F2869000EB8B1 /* Main.storyboard */,
				A86DE77F269F286A000EB8B1 /* Assets.xcassets */,
				A86DE781269F286A000EB8B1 /* LaunchScreen.storyboard */,
				A86DE784269F286A000EB8B1 /* Info.plist */,
				A86DE77C269F2869000EB8B1 /* IntroToStoryboard.xcdatamodeld */,
			);
			path = IntroToStoryboard;
			sourceTree = "<group>";
		};
		A86DE78C269F286A000EB8B1 /* IntroToStoryboardTests */ = {
			isa = PBXGroup;
			children = (
				A86DE78D269F286A000EB8B1 /* IntroToStoryboardTests.swift */,
				A86DE78F269F286A000EB8B1 /* Info.plist */,
			);
			path = IntroToStoryboardTests;
			sourceTree = "<group>";
		};
		A86DE797269F286A000EB8B1 /* IntroToStoryboardUITests */ = {
			isa = PBXGroup;
			children = (
				A86DE798269F286A000EB8B1 /* IntroToStoryboardUITests.swift */,
				A86DE79A269F286A000EB8B1 /* Info.plist */,
			);
			path = IntroToStoryboardUITests;
			sourceTree = "<group>";
		};
/* End PBXGroup section */

/* Begin PBXNativeTarget section */
		A86DE76F269F2869000EB8B1 /* IntroToStoryboard */ = {
			isa = PBXNativeTarget;
			buildConfigurationList = A86DE79D269F286A000EB8B1 /* Build configuration list for PBXNativeTarget "IntroToStoryboard" */;
			buildPhases = (
				A86DE76C269F2869000EB8B1 /* Sources */,
				A86DE76D269F2869000EB8B1 /* Frameworks */,
				A86DE76E269F2869000EB8B1 /* Resources */,
			);
			buildRules = (
			);
			dependencies = (
			);
			name = IntroToStoryboard;
			productName = IntroToStoryboard;
			productReference = A86DE770269F2869000EB8B1 /* IntroToStoryboard.app */;
			productType = "com.apple.product-type.application";
		};
		A86DE788269F286A000EB8B1 /* IntroToStoryboardTests */ = {
			isa = PBXNativeTarget;
			buildConfigurationList = A86DE7A0269F286A000EB8B1 /* Build configuration list for PBXNativeTarget "IntroToStoryboardTests" */;
			buildPhases = (
				A86DE785269F286A000EB8B1 /* Sources */,
				A86DE786269F286A000EB8B1 /* Frameworks */,
				A86DE787269F286A000EB8B1 /* Resources */,
			);
			buildRules = (
			);
			dependencies = (
				A86DE78B269F286A000EB8B1 /* PBXTargetDependency */,
			);
			name = IntroToStoryboardTests;
			productName = IntroToStoryboardTests;
			productReference = A86DE789269F286A000EB8B1 /* IntroToStoryboardTests.xctest */;
			productType = "com.apple.product-type.bundle.unit-test";
		};
		A86DE793269F286A000EB8B1 /* IntroToStoryboardUITests */ = {
			isa = PBXNativeTarget;
			buildConfigurationList = A86DE7A3269F286A000EB8B1 /* Build configuration list for PBXNativeTarget "IntroToStoryboardUITests" */;
			buildPhases = (
				A86DE790269F286A000EB8B1 /* Sources */,
				A86DE791269F286A000EB8B1 /* Frameworks */,
				A86DE792269F286A000EB8B1 /* Resources */,
			);
			buildRules = (
			);
			dependencies = (
				A86DE796269F286A000EB8B1 /* PBXTargetDependency */,
			);
			name = IntroToStoryboardUITests;
			productName = IntroToStoryboardUITests;
			productReference = A86DE794269F286A000EB8B1 /* IntroToStoryboardUITests.xctest */;
			productType = "com.apple.product-type.bundle.ui-testing";
		};
/* End PBXNativeTarget section */

/* Begin PBXProject section */
		A86DE768269F2869000EB8B1 /* Project object */ = {
			isa = PBXProject;
			attributes = {
				LastSwiftUpdateCheck = 1250;
				LastUpgradeCheck = 1250;
				TargetAttributes = {
					A86DE76F269F2869000EB8B1 = {
						CreatedOnToolsVersion = 12.5;
					};
					A86DE788269F286A000EB8B1 = {
						CreatedOnToolsVersion = 12.5;
						TestTargetID = A86DE76F269F2869000EB8B1;
					};
					A86DE793269F286A000EB8B1 = {
						CreatedOnToolsVersion = 12.5;
						TestTargetID = A86DE76F269F2869000EB8B1;
					};
				};
			};
			buildConfigurationList = A86DE76B269F2869000EB8B1 /* Build configuration list for PBXProject "IntroToStoryboard" */;
			compatibilityVersion = "Xcode 9.3";
			developmentRegion = en;
			hasScannedForEncodings = 0;
			knownRegions = (
				en,
				Base,
			);
			mainGroup = A86DE767269F2869000EB8B1;
			productRefGroup = A86DE771269F2869000EB8B1 /* Products */;
			projectDirPath = "";
			projectRoot = "";
			targets = (
				A86DE76F269F2869000EB8B1 /* IntroToStoryboard */,
				A86DE788269F286A000EB8B1 /* IntroToStoryboardTests */,
				A86DE793269F286A000EB8B1 /* IntroToStoryboardUITests */,
			);
		};
/* End PBXProject section */

/* Begin PBXResourcesBuildPhase section */
		A86DE76E269F2869000EB8B1 /* Resources */ = {
			isa = PBXResourcesBuildPhase;
			buildActionMask = 2147483647;
			files = (
				A86DE783269F286A000EB8B1 /* LaunchScreen.storyboard in Resources */,
				A86DE780269F286A000EB8B1 /* Assets.xcassets in Resources */,
				A86DE77B269F2869000EB8B1 /* Main.storyboard in Resources */,
			);
			runOnlyForDeploymentPostprocessing = 0;
		};
		A86DE787269F286A000EB8B1 /* Resources */ = {
			isa = PBXResourcesBuildPhase;
			buildActionMask = 2147483647;
			files = (
			);
			runOnlyForDeploymentPostprocessing = 0;
		};
		A86DE792269F286A000EB8B1 /* Resources */ = {
			isa = PBXResourcesBuildPhase;
			buildActionMask = 2147483647;
			files = (
			);
			runOnlyForDeploymentPostprocessing = 0;
		};
/* End PBXResourcesBuildPhase section */

/* Begin PBXSourcesBuildPhase section */
		A86DE76C269F2869000EB8B1 /* Sources */ = {
			isa = PBXSourcesBuildPhase;
			buildActionMask = 2147483647;
			files = (
				A86DE778269F2869000EB8B1 /* ViewController.swift in Sources */,
				A86DE774269F2869000EB8B1 /* AppDelegate.swift in Sources */,
				A86DE77E269F2869000EB8B1 /* IntroToStoryboard.xcdatamodeld in Sources */,
				A86DE776269F2869000EB8B1 /* SceneDelegate.swift in Sources */,
			);
			runOnlyForDeploymentPostprocessing = 0;
		};
		A86DE785269F286A000EB8B1 /* Sources */ = {
			isa = PBXSourcesBuildPhase;
			buildActionMask = 2147483647;
			files = (
				A86DE78E269F286A000EB8B1 /* IntroToStoryboardTests.swift in Sources */,
			);
			runOnlyForDeploymentPostprocessing = 0;
		};
		A86DE790269F286A000EB8B1 /* Sources */ = {
			isa = PBXSourcesBuildPhase;
			buildActionMask = 2147483647;
			files = (
				A86DE799269F286A000EB8B1 /* IntroToStoryboardUITests.swift in Sources */,
			);
			runOnlyForDeploymentPostprocessing = 0;
		};
/* End PBXSourcesBuildPhase section */

/* Begin PBXTargetDependency section */
		A86DE78B269F286A000EB8B1 /* PBXTargetDependency */ = {
			isa = PBXTargetDependency;
			target = A86DE76F269F2869000EB8B1 /* IntroToStoryboard */;
			targetProxy = A86DE78A269F286A000EB8B1 /* PBXContainerItemProxy */;
		};
		A86DE796269F286A000EB8B1 /* PBXTargetDependency */ = {
			isa = PBXTargetDependency;
			target = A86DE76F269F2869000EB8B1 /* IntroToStoryboard */;
			targetProxy = A86DE795269F286A000EB8B1 /* PBXContainerItemProxy */;
		};
/* End PBXTargetDependency section */

/* Begin PBXVariantGroup section */
		A86DE779269F2869000EB8B1 /* Main.storyboard */ = {
			isa = PBXVariantGroup;
			children = (
				A86DE77A269F2869000EB8B1 /* Base */,
			);
			name = Main.storyboard;
			sourceTree = "<group>";
		};
		A86DE781269F286A000EB8B1 /* LaunchScreen.storyboard */ = {
			isa = PBXVariantGroup;
			children = (
				A86DE782269F286A000EB8B1 /* Base */,
			);
			name = LaunchScreen.storyboard;
			sourceTree = "<group>";
		};
/* End PBXVariantGroup section */

/* Begin XCBuildConfiguration section */
		A86DE79B269F286A000EB8B1 /* Debug */ = {
			isa = XCBuildConfiguration;
			buildSettings = {
				ALWAYS_SEARCH_USER_PATHS = NO;
				CLANG_ANALYZER_NONNULL = YES;
				CLANG_ANALYZER_NUMBER_OBJECT_CONVERSION = YES_AGGRESSIVE;
				CLANG_CXX_LANGUAGE_STANDARD = "gnu++14";
				CLANG_CXX_LIBRARY = "libc++";
				CLANG_ENABLE_MODULES = YES;
				CLANG_ENABLE_OBJC_ARC = YES;
				CLANG_ENABLE_OBJC_WEAK = YES;
				CLANG_WARN_BLOCK_CAPTURE_AUTORELEASING = YES;
				CLANG_WARN_BOOL_CONVERSION = YES;
				CLANG_WARN_COMMA = YES;
				CLANG_WARN_CONSTANT_CONVERSION = YES;
				CLANG_WARN_DEPRECATED_OBJC_IMPLEMENTATIONS = YES;
				CLANG_WARN_DIRECT_OBJC_ISA_USAGE = YES_ERROR;
				CLANG_WARN_DOCUMENTATION_COMMENTS = YES;
				CLANG_WARN_EMPTY_BODY = YES;
				CLANG_WARN_ENUM_CONVERSION = YES;
				CLANG_WARN_INFINITE_RECURSION = YES;
				CLANG_WARN_INT_CONVERSION = YES;
				CLANG_WARN_NON_LITERAL_NULL_CONVERSION = YES;
				CLANG_WARN_OBJC_IMPLICIT_RETAIN_SELF = YES;
				CLANG_WARN_OBJC_LITERAL_CONVERSION = YES;
				CLANG_WARN_OBJC_ROOT_CLASS = YES_ERROR;
				CLANG_WARN_QUOTED_INCLUDE_IN_FRAMEWORK_HEADER = YES;
				CLANG_WARN_RANGE_LOOP_ANALYSIS = YES;
				CLANG_WARN_STRICT_PROTOTYPES = YES;
				CLANG_WARN_SUSPICIOUS_MOVE = YES;
				CLANG_WARN_UNGUARDED_AVAILABILITY = YES_AGGRESSIVE;
				CLANG_WARN_UNREACHABLE_CODE = YES;
				CLANG_WARN__DUPLICATE_METHOD_MATCH = YES;
				COPY_PHASE_STRIP = NO;
				DEBUG_INFORMATION_FORMAT = dwarf;
				ENABLE_STRICT_OBJC_MSGSEND = YES;
				ENABLE_TESTABILITY = YES;
				GCC_C_LANGUAGE_STANDARD = gnu11;
				GCC_DYNAMIC_NO_PIC = NO;
				GCC_NO_COMMON_BLOCKS = YES;
				GCC_OPTIMIZATION_LEVEL = 0;
				GCC_PREPROCESSOR_DEFINITIONS = (
					"DEBUG=1",
					"$(inherited)",
				);
				GCC_WARN_64_TO_32_BIT_CONVERSION = YES;
				GCC_WARN_ABOUT_RETURN_TYPE = YES_ERROR;
				GCC_WARN_UNDECLARED_SELECTOR = YES;
				GCC_WARN_UNINITIALIZED_AUTOS = YES_AGGRESSIVE;
				GCC_WARN_UNUSED_FUNCTION = YES;
				GCC_WARN_UNUSED_VARIABLE = YES;
				IPHONEOS_DEPLOYMENT_TARGET = 14.5;
				MTL_ENABLE_DEBUG_INFO = INCLUDE_SOURCE;
				MTL_FAST_MATH = YES;
				ONLY_ACTIVE_ARCH = YES;
				SDKROOT = iphoneos;
				SWIFT_ACTIVE_COMPILATION_CONDITIONS = DEBUG;
				SWIFT_OPTIMIZATION_LEVEL = "-Onone";
			};
			name = Debug;
		};
		A86DE79C269F286A000EB8B1 /* Release */ = {
			isa = XCBuildConfiguration;
			buildSettings = {
				ALWAYS_SEARCH_USER_PATHS = NO;
				CLANG_ANALYZER_NONNULL = YES;
				CLANG_ANALYZER_NUMBER_OBJECT_CONVERSION = YES_AGGRESSIVE;
				CLANG_CXX_LANGUAGE_STANDARD = "gnu++14";
				CLANG_CXX_LIBRARY = "libc++";
				CLANG_ENABLE_MODULES = YES;
				CLANG_ENABLE_OBJC_ARC = YES;
				CLANG_ENABLE_OBJC_WEAK = YES;
				CLANG_WARN_BLOCK_CAPTURE_AUTORELEASING = YES;
				CLANG_WARN_BOOL_CONVERSION = YES;
				CLANG_WARN_COMMA = YES;
				CLANG_WARN_CONSTANT_CONVERSION = YES;
				CLANG_WARN_DEPRECATED_OBJC_IMPLEMENTATIONS = YES;
				CLANG_WARN_DIRECT_OBJC_ISA_USAGE = YES_ERROR;
				CLANG_WARN_DOCUMENTATION_COMMENTS = YES;
				CLANG_WARN_EMPTY_BODY = YES;
				CLANG_WARN_ENUM_CONVERSION = YES;
				CLANG_WARN_INFINITE_RECURSION = YES;
				CLANG_WARN_INT_CONVERSION = YES;
				CLANG_WARN_NON_LITERAL_NULL_CONVERSION = YES;
				CLANG_WARN_OBJC_IMPLICIT_RETAIN_SELF = YES;
				CLANG_WARN_OBJC_LITERAL_CONVERSION = YES;
				CLANG_WARN_OBJC_ROOT_CLASS = YES_ERROR;
				CLANG_WARN_QUOTED_INCLUDE_IN_FRAMEWORK_HEADER = YES;
				CLANG_WARN_RANGE_LOOP_ANALYSIS = YES;
				CLANG_WARN_STRICT_PROTOTYPES = YES;
				CLANG_WARN_SUSPICIOUS_MOVE = YES;
				CLANG_WARN_UNGUARDED_AVAILABILITY = YES_AGGRESSIVE;
				CLANG_WARN_UNREACHABLE_CODE = YES;
				CLANG_WARN__DUPLICATE_METHOD_MATCH = YES;
				COPY_PHASE_STRIP = NO;
				DEBUG_INFORMATION_FORMAT = "dwarf-with-dsym";
				ENABLE_NS_ASSERTIONS = NO;
				ENABLE_STRICT_OBJC_MSGSEND = YES;
				GCC_C_LANGUAGE_STANDARD = gnu11;
				GCC_NO_COMMON_BLOCKS = YES;
				GCC_WARN_64_TO_32_BIT_CONVERSION = YES;
				GCC_WARN_ABOUT_RETURN_TYPE = YES_ERROR;
				GCC_WARN_UNDECLARED_SELECTOR = YES;
				GCC_WARN_UNINITIALIZED_AUTOS = YES_AGGRESSIVE;
				GCC_WARN_UNUSED_FUNCTION = YES;
				GCC_WARN_UNUSED_VARIABLE = YES;
				IPHONEOS_DEPLOYMENT_TARGET = 14.5;
				MTL_ENABLE_DEBUG_INFO = NO;
				MTL_FAST_MATH = YES;
				SDKROOT = iphoneos;
				SWIFT_COMPILATION_MODE = wholemodule;
				SWIFT_OPTIMIZATION_LEVEL = "-O";
				VALIDATE_PRODUCT = YES;
			};
			name = Release;
		};
		A86DE79E269F286A000EB8B1 /* Debug */ = {
			isa = XCBuildConfiguration;
			buildSettings = {
				ASSETCATALOG_COMPILER_APPICON_NAME = AppIcon;
				ASSETCATALOG_COMPILER_GLOBAL_ACCENT_COLOR_NAME = AccentColor;
				CODE_SIGN_STYLE = Automatic;
				INFOPLIST_FILE = IntroToStoryboard/Info.plist;
				LD_RUNPATH_SEARCH_PATHS = (
					"$(inherited)",
					"@executable_path/Frameworks",
				);
				PRODUCT_BUNDLE_IDENTIFIER = "Kode-With-Klossy.IntroToStoryboard";
				PRODUCT_NAME = "$(TARGET_NAME)";
				SWIFT_VERSION = 5.0;
				TARGETED_DEVICE_FAMILY = "1,2";
			};
			name = Debug;
		};
		A86DE79F269F286A000EB8B1 /* Release */ = {
			isa = XCBuildConfiguration;
			buildSettings = {
				ASSETCATALOG_COMPILER_APPICON_NAME = AppIcon;
				ASSETCATALOG_COMPILER_GLOBAL_ACCENT_COLOR_NAME = AccentColor;
				CODE_SIGN_STYLE = Automatic;
				INFOPLIST_FILE = IntroToStoryboard/Info.plist;
				LD_RUNPATH_SEARCH_PATHS = (
					"$(inherited)",
					"@executable_path/Frameworks",
				);
				PRODUCT_BUNDLE_IDENTIFIER = "Kode-With-Klossy.IntroToStoryboard";
				PRODUCT_NAME = "$(TARGET_NAME)";
				SWIFT_VERSION = 5.0;
				TARGETED_DEVICE_FAMILY = "1,2";
			};
			name = Release;
		};
		A86DE7A1269F286A000EB8B1 /* Debug */ = {
			isa = XCBuildConfiguration;
			buildSettings = {
				ALWAYS_EMBED_SWIFT_STANDARD_LIBRARIES = YES;
				BUNDLE_LOADER = "$(TEST_HOST)";
				CODE_SIGN_STYLE = Automatic;
				INFOPLIST_FILE = IntroToStoryboardTests/Info.plist;
				IPHONEOS_DEPLOYMENT_TARGET = 14.5;
				LD_RUNPATH_SEARCH_PATHS = (
					"$(inherited)",
					"@executable_path/Frameworks",
					"@loader_path/Frameworks",
				);
				PRODUCT_BUNDLE_IDENTIFIER = "Kode-With-Klossy.IntroToStoryboardTests";
				PRODUCT_NAME = "$(TARGET_NAME)";
				SWIFT_VERSION = 5.0;
				TARGETED_DEVICE_FAMILY = "1,2";
				TEST_HOST = "$(BUILT_PRODUCTS_DIR)/IntroToStoryboard.app/IntroToStoryboard";
			};
			name = Debug;
		};
		A86DE7A2269F286A000EB8B1 /* Release */ = {
			isa = XCBuildConfiguration;
			buildSettings = {
				ALWAYS_EMBED_SWIFT_STANDARD_LIBRARIES = YES;
				BUNDLE_LOADER = "$(TEST_HOST)";
				CODE_SIGN_STYLE = Automatic;
				INFOPLIST_FILE = IntroToStoryboardTests/Info.plist;
				IPHONEOS_DEPLOYMENT_TARGET = 14.5;
				LD_RUNPATH_SEARCH_PATHS = (
					"$(inherited)",
					"@executable_path/Frameworks",
					"@loader_path/Frameworks",
				);
				PRODUCT_BUNDLE_IDENTIFIER = "Kode-With-Klossy.IntroToStoryboardTests";
				PRODUCT_NAME = "$(TARGET_NAME)";
				SWIFT_VERSION = 5.0;
				TARGETED_DEVICE_FAMILY = "1,2";
				TEST_HOST = "$(BUILT_PRODUCTS_DIR)/IntroToStoryboard.app/IntroToStoryboard";
			};
			name = Release;
		};
		A86DE7A4269F286A000EB8B1 /* Debug */ = {
			isa = XCBuildConfiguration;
			buildSettings = {
				ALWAYS_EMBED_SWIFT_STANDARD_LIBRARIES = YES;
				CODE_SIGN_STYLE = Automatic;
				INFOPLIST_FILE = IntroToStoryboardUITests/Info.plist;
				LD_RUNPATH_SEARCH_PATHS = (
					"$(inherited)",
					"@executable_path/Frameworks",
					"@loader_path/Frameworks",
				);
				PRODUCT_BUNDLE_IDENTIFIER = "Kode-With-Klossy.IntroToStoryboardUITests";
				PRODUCT_NAME = "$(TARGET_NAME)";
				SWIFT_VERSION = 5.0;
				TARGETED_DEVICE_FAMILY = "1,2";
				TEST_TARGET_NAME = IntroToStoryboard;
			};
			name = Debug;
		};
		A86DE7A5269F286A000EB8B1 /* Release */ = {
			isa = XCBuildConfiguration;
			buildSettings = {
				ALWAYS_EMBED_SWIFT_STANDARD_LIBRARIES = YES;
				CODE_SIGN_STYLE = Automatic;
				INFOPLIST_FILE = IntroToStoryboardUITests/Info.plist;
				LD_RUNPATH_SEARCH_PATHS = (
					"$(inherited)",
					"@executable_path/Frameworks",
					"@loader_path/Frameworks",
				);
				PRODUCT_BUNDLE_IDENTIFIER = "Kode-With-Klossy.IntroToStoryboardUITests";
				PRODUCT_NAME = "$(TARGET_NAME)";
				SWIFT_VERSION = 5.0;
				TARGETED_DEVICE_FAMILY = "1,2";
				TEST_TARGET_NAME = IntroToStoryboard;
			};
			name = Release;
		};
/* End XCBuildConfiguration section */

/* Begin XCConfigurationList section */
		A86DE76B269F2869000EB8B1 /* Build configuration list for PBXProject "IntroToStoryboard" */ = {
			isa = XCConfigurationList;
			buildConfigurations = (
				A86DE79B269F286A000EB8B1 /* Debug */,
				A86DE79C269F286A000EB8B1 /* Release */,
			);
			defaultConfigurationIsVisible = 0;
			defaultConfigurationName = Release;
		};
		A86DE79D269F286A000EB8B1 /* Build configuration list for PBXNativeTarget "IntroToStoryboard" */ = {
			isa = XCConfigurationList;
			buildConfigurations = (
				A86DE79E269F286A000EB8B1 /* Debug */,
				A86DE79F269F286A000EB8B1 /* Release */,
			);
			defaultConfigurationIsVisible = 0;
			defaultConfigurationName = Release;
		};
		A86DE7A0269F286A000EB8B1 /* Build configuration list for PBXNativeTarget "IntroToStoryboardTests" */ = {
			isa = XCConfigurationList;
			buildConfigurations = (
				A86DE7A1269F286A000EB8B1 /* Debug */,
				A86DE7A2269F286A000EB8B1 /* Release */,
			);
			defaultConfigurationIsVisible = 0;
			defaultConfigurationName = Release;
		};
		A86DE7A3269F286A000EB8B1 /* Build configuration list for PBXNativeTarget "IntroToStoryboardUITests" */ = {
			isa = XCConfigurationList;
			buildConfigurations = (
				A86DE7A4269F286A000EB8B1 /* Debug */,
				A86DE7A5269F286A000EB8B1 /* Release */,
			);
			defaultConfigurationIsVisible = 0;
			defaultConfigurationName = Release;
		};
/* End XCConfigurationList section */

/* Begin XCVersionGroup section */
		A86DE77C269F2869000EB8B1 /* IntroToStoryboard.xcdatamodeld */ = {
			isa = XCVersionGroup;
			children = (
				A86DE77D269F2869000EB8B1 /* IntroToStoryboard.xcdatamodel */,
			);
			currentVersion = A86DE77D269F2869000EB8B1 /* IntroToStoryboard.xcdatamodel */;
			path = IntroToStoryboard.xcdatamodeld;
			sourceTree = "<group>";
			versionGroupType = wrapper.xcdatamodel;
		};
/* End XCVersionGroup section */
	};
	rootObject = A86DE768269F2869000EB8B1 /* Project object */;
}
